
Microsoft Visual Studio Solution File, Format Version 12.00
# Visual Studio Version 17
VisualStudioVersion = 17.5.33516.290
MinimumVisualStudioVersion = 10.0.40219.1
Project("{FAE04EC0-301F-11D3-BF4B-00C04F79EFBC}") = "kalkulator", "kalkulator.csproj", "{1A78B5C3-D0B2-41ED-A79E-195C41BDF42E}"
EndProject
Global
	GlobalSection(SolutionConfigurationPlatforms) = preSolution
		Debug|Any CPU = Debug|Any CPU
		Release|Any CPU = Release|Any CPU
	EndGlobalSection
	GlobalSection(ProjectConfigurationPlatforms) = postSolution
		{1A78B5C3-D0B2-41ED-A79E-195C41BDF42E}.Debug|Any CPU.ActiveCfg = Debug|Any CPU
		{1A78B5C3-D0B2-41ED-A79E-195C41BDF42E}.Debug|Any CPU.Build.0 = Debug|Any CPU
		{1A78B5C3-D0B2-41ED-A79E-195C41BDF42E}.Release|Any CPU.ActiveCfg = Release|Any CPU
		{1A78B5C3-D0B2-41ED-A79E-195C41BDF42E}.Release|Any CPU.Build.0 = Release|Any CPU
	EndGlobalSection
	GlobalSection(SolutionProperties) = preSolution
		HideSolutionNode = FALSE
	EndGlobalSection
	GlobalSection(ExtensibilityGlobals) = postSolution
		SolutionGuid = {59B19BE5-CFF4-44D9-91A1-73E1C42B8D92}
	EndGlobalSection
EndGlobal
